
Microsoft Visual Studio Solution File, Format Version 12.00
# Visual Studio 14
VisualStudioVersion = 14.0.25420.1
MinimumVisualStudioVersion = 10.0.40219.1
Project("{FAE04EC0-301F-11D3-BF4B-00C04F79EFBC}") = "Actividad2_DeCursosAndAlumnos", "Actividad2_DeCursosAndAlumnos\Actividad2_DeCursosAndAlumnos.csproj", "{F661ADDA-2007-45EF-86F0-FDA5E29B66EF}"
EndProject
Global
	GlobalSection(SolutionConfigurationPlatforms) = preSolution
		Debug|Any CPU = Debug|Any CPU
		Release|Any CPU = Release|Any CPU
	EndGlobalSection
	GlobalSection(ProjectConfigurationPlatforms) = postSolution
		{F661ADDA-2007-45EF-86F0-FDA5E29B66EF}.Debug|Any CPU.ActiveCfg = Debug|Any CPU
		{F661ADDA-2007-45EF-86F0-FDA5E29B66EF}.Debug|Any CPU.Build.0 = Debug|Any CPU
		{F661ADDA-2007-45EF-86F0-FDA5E29B66EF}.Release|Any CPU.ActiveCfg = Release|Any CPU
		{F661ADDA-2007-45EF-86F0-FDA5E29B66EF}.Release|Any CPU.Build.0 = Release|Any CPU
	EndGlobalSection
	GlobalSection(SolutionProperties) = preSolution
		HideSolutionNode = FALSE
	EndGlobalSection
EndGlobal
